<?xml version="1.0" encoding="UTF-8" standalone="yes" ?>
<CodeBlocks_project_file>
	<FileVersion major="1" minor="6" />
	<Project>
		<Option title="SMSkinEdit" />
		<Option pch_mode="2" />
		<Option compiler="gcc" />
		<Build>
			<Target title="Debug">
				<Option output="bin/Debug/SMSkinEdit" prefix_auto="1" extension_auto="1" />
				<Option object_output="obj/Debug/" />
				<Option type="0" />
				<Option compiler="gcc" />
				<Compiler>
					<Add option="-pg" />
					<Add option="-g" />
					<Add directory="../submodules/FLTK/bin/debug/include" />
				</Compiler>
				<Linker>
					<Add option="-pg" />
					<Add option="`../submodules/FLTK/bin/debug/bin/fltk-config --use-gl --use-images --ldlibs`" />
					<Add option="-lpng" />
					<Add option="-ljpeg" />
					<Add library="../submodules/lodepng/bin/Debug/liblodepng.a" />
				</Linker>
			</Target>
			<Target title="Release">
				<Option output="bin/Release/SMSkinEdit" prefix_auto="1" extension_auto="1" />
				<Option object_output="obj/Release/" />
				<Option type="0" />
				<Option compiler="gcc" />
				<Compiler>
					<Add option="-fexpensive-optimizations" />
					<Add option="-O3" />
					<Add directory="../submodules/FLTK/bin/release/include" />
				</Compiler>
				<Linker>
					<Add option="-s" />
					<Add option="`../submodules/FLTK/bin/release/bin/fltk-config --use-gl --use-images --ldlibs`" />
					<Add option="-lpng" />
					<Add option="-ljpeg" />
					<Add library="../submodules/lodepng/bin/Release/liblodepng.a" />
				</Linker>
			</Target>
		</Build>
		<Compiler>
			<Add option="-Wnon-virtual-dtor" />
			<Add option="-Wshadow" />
			<Add option="-Winit-self" />
			<Add option="-Wredundant-decls" />
			<Add option="-Wcast-align" />
			<Add option="-Wundef" />
			<Add option="-Wfloat-equal" />
			<Add option="-Winline" />
			<Add option="-Wunreachable-code" />
			<Add option="-Wmissing-declarations" />
			<Add option="-Wmissing-include-dirs" />
			<Add option="-Wswitch-enum" />
			<Add option="-Wswitch-default" />
			<Add option="-Weffc++" />
			<Add option="-Wzero-as-null-pointer-constant" />
			<Add option="-Wmain" />
			<Add option="-pedantic-errors" />
			<Add option="-pedantic" />
			<Add option="-Wfatal-errors" />
			<Add option="-Wextra" />
			<Add option="-Wall" />
			<Add option="-std=c++11" />
			<Add option="-m64" />
			<Add directory="../submodules/lodepng/lodepng" />
			<Add directory="interface" />
			<Add directory="../submodules/cycodebase" />
		</Compiler>
		<Linker>
			<Add option="-m64" />
			<Add option="-lGLEW" />
		</Linker>
		<ExtraCommands>
			<Add before="rm -rfd $(TARGET_OUTPUT_DIR)SMSkinEdit_Data" />
			<Add after="mkdir $(TARGET_OUTPUT_DIR)SMSkinEdit_Data" />
			<Add after="cp -r ./SMSkinEdit_Data/. $(TARGET_OUTPUT_DIR)SMSkinEdit_Data" />
			<Mode after="always" />
		</ExtraCommands>
		<Unit filename="implementation/control/IControl.cpp" />
		<Unit filename="implementation/control/controls.cpp" />
		<Unit filename="implementation/control/impl/ColorControl.cpp" />
		<Unit filename="implementation/control/impl/EditorControl.cpp" />
		<Unit filename="implementation/control/impl/FileControl.cpp" />
		<Unit filename="implementation/control/impl/LightingControl.cpp" />
		<Unit filename="implementation/control/impl/ModelControl.cpp" />
		<Unit filename="implementation/control/impl/TemplateControl.cpp" />
		<Unit filename="implementation/control/impl/TextureControl.cpp" />
		<Unit filename="implementation/gl/GLProgramBundle.cpp" />
		<Unit filename="implementation/gui/GLCommon.cpp" />
		<Unit filename="implementation/gui/widgets/ActiveColorWidget.cpp" />
		<Unit filename="implementation/gui/widgets/MenuBarWidget.cpp" />
		<Unit filename="implementation/gui/widgets/ModelSelectorWidget.cpp" />
		<Unit filename="implementation/gui/widgets/TextureSelectorWidget.cpp" />
		<Unit filename="implementation/gui/windows/EditorWindow.cpp" />
		<Unit filename="implementation/gui/windows/MainWindow.cpp" />
		<Unit filename="implementation/gui/windows/ModelWindow.cpp" />
		<Unit filename="implementation/gui/windows/subwindows/GLModelWindow.cpp" />
		<Unit filename="implementation/gui/windows/subwindows/GLTextureWindow.cpp" />
		<Unit filename="implementation/main.cpp" />
		<Unit filename="interface/control/IControl.h" />
		<Unit filename="interface/control/controls.h" />
		<Unit filename="interface/control/impl/ColorControl.h" />
		<Unit filename="interface/control/impl/EditorControl.h" />
		<Unit filename="interface/control/impl/FileControl.h" />
		<Unit filename="interface/control/impl/LightingControl.h" />
		<Unit filename="interface/control/impl/ModelControl.h" />
		<Unit filename="interface/control/impl/TemplateControl.h" />
		<Unit filename="interface/control/impl/TextureControl.h" />
		<Unit filename="interface/enums.h" />
		<Unit filename="interface/gl/GLProgramBundle.h" />
		<Unit filename="interface/gl/SharedTextures.h" />
		<Unit filename="interface/gui/GLCommon.h" />
		<Unit filename="interface/gui/constants.h" />
		<Unit filename="interface/gui/widgets/ActiveColorWidget.h" />
		<Unit filename="interface/gui/widgets/MenuBarWidget.h" />
		<Unit filename="interface/gui/widgets/ModelSelectorWidget.h" />
		<Unit filename="interface/gui/widgets/TextureSelectorWidget.h" />
		<Unit filename="interface/gui/windows/EditorWindow.h" />
		<Unit filename="interface/gui/windows/MainWindow.h" />
		<Unit filename="interface/gui/windows/ModelWindow.h" />
		<Unit filename="interface/gui/windows/subwindows/GLModelWindow.h" />
		<Unit filename="interface/gui/windows/subwindows/GLTextureWindow.h" />
		<Unit filename="interface/main.h" />
		<Extensions>
			<code_completion />
			<debugger />
		</Extensions>
	</Project>
</CodeBlocks_project_file>
