<?xml version="1.0" encoding="UTF-8" standalone="yes" ?>
<CodeBlocks_project_file>
	<FileVersion major="1" minor="6" />
	<Project>
		<Option title="SMSkinEdit" />
		<Option pch_mode="2" />
		<Option compiler="gcc" />
		<Build>
			<Target title="Debug">
				<Option output="bin/Debug/SMSkinEdit" prefix_auto="1" extension_auto="1" />
				<Option object_output="obj/Debug/" />
				<Option type="1" />
				<Option compiler="gcc" />
				<Compiler>
					<Add option="-pg" />
					<Add option="-g" />
					<Add directory="../submodules/FLTK/bin/debug/include/FL" />
				</Compiler>
				<Linker>
					<Add option="-pg" />
					<Add library="../submodules/FLTK/bin/debug/lib/libfltk.a" />
					<Add library="../submodules/FLTK/bin/debug/lib/libfltk_forms.a" />
					<Add library="../submodules/FLTK/bin/debug/lib/libfltk_gl.a" />
					<Add library="../submodules/FLTK/bin/debug/lib/libfltk_images.a" />
					<Add library="../submodules/FLTK/bin/debug/lib/libfltk_jpeg.a" />
					<Add library="../submodules/FLTK/bin/debug/lib/libfltk_png.a" />
					<Add library="../submodules/lodepng/bin/Debug/liblodepng.a" />
				</Linker>
			</Target>
			<Target title="Release">
				<Option output="bin/Release/SMSkinEdit" prefix_auto="1" extension_auto="1" />
				<Option object_output="obj/Release/" />
				<Option type="1" />
				<Option compiler="gcc" />
				<Compiler>
					<Add option="-fexpensive-optimizations" />
					<Add option="-O3" />
					<Add directory="../submodules/FLTK/bin/release/include/FL" />
				</Compiler>
				<Linker>
					<Add option="-s" />
					<Add library="../submodules/FLTK/bin/release/lib/libfltk.a" />
					<Add library="../submodules/FLTK/bin/release/lib/libfltk_forms.a" />
					<Add library="../submodules/FLTK/bin/release/lib/libfltk_gl.a" />
					<Add library="../submodules/FLTK/bin/release/lib/libfltk_images.a" />
					<Add library="../submodules/FLTK/bin/release/lib/libfltk_jpeg.a" />
					<Add library="../submodules/FLTK/bin/release/lib/libfltk_png.a" />
					<Add library="../submodules/lodepng/bin/Release/liblodepng.a" />
				</Linker>
			</Target>
		</Build>
		<Compiler>
			<Add option="-Wnon-virtual-dtor" />
			<Add option="-Wshadow" />
			<Add option="-Winit-self" />
			<Add option="-Wredundant-decls" />
			<Add option="-Wcast-align" />
			<Add option="-Wundef" />
			<Add option="-Wfloat-equal" />
			<Add option="-Winline" />
			<Add option="-Wunreachable-code" />
			<Add option="-Wmissing-declarations" />
			<Add option="-Wmissing-include-dirs" />
			<Add option="-Wswitch-enum" />
			<Add option="-Wswitch-default" />
			<Add option="-Weffc++" />
			<Add option="-Wzero-as-null-pointer-constant" />
			<Add option="-Wmain" />
			<Add option="-pedantic-errors" />
			<Add option="-pedantic" />
			<Add option="-Wfatal-errors" />
			<Add option="-Wextra" />
			<Add option="-Wall" />
			<Add option="-std=c++11" />
			<Add option="-m64" />
			<Add directory="../submodules/lodepng/lodepng" />
		</Compiler>
		<Linker>
			<Add option="-m64" />
		</Linker>
		<Extensions>
			<code_completion />
			<debugger />
		</Extensions>
	</Project>
</CodeBlocks_project_file>
